
Microsoft Visual Studio Solution File, Format Version 12.00
# Visual Studio Version 18
VisualStudioVersion = 18.6.11819.183
MinimumVisualStudioVersion = 10.0.40219.1
Project("{FAE04EC0-301F-11D3-BF4B-00C04F79EFBC}") = "DiplomasViewer", "DiplomasViewer.csproj", "{10E81DE3-696B-5059-1463-4416753F8E2B}"
EndProject
Project("{FAE04EC0-301F-11D3-BF4B-00C04F79EFBC}") = "DiplomasViewer.Tests", "..\DiplomasViewer.Tests\DiplomasViewer.Tests.csproj", "{435BB2BD-7A34-4819-9A11-53D2FF619C8D}"
EndProject
Global
	GlobalSection(SolutionConfigurationPlatforms) = preSolution
		Debug|Any CPU = Debug|Any CPU
		Debug|x64 = Debug|x64
		Debug|x86 = Debug|x86
		Release|Any CPU = Release|Any CPU
		Release|x64 = Release|x64
		Release|x86 = Release|x86
	EndGlobalSection
	GlobalSection(ProjectConfigurationPlatforms) = postSolution
		{10E81DE3-696B-5059-1463-4416753F8E2B}.Debug|Any CPU.ActiveCfg = Debug|Any CPU
		{10E81DE3-696B-5059-1463-4416753F8E2B}.Debug|Any CPU.Build.0 = Debug|Any CPU
		{10E81DE3-696B-5059-1463-4416753F8E2B}.Debug|x64.ActiveCfg = Debug|Any CPU
		{10E81DE3-696B-5059-1463-4416753F8E2B}.Debug|x64.Build.0 = Debug|Any CPU
		{10E81DE3-696B-5059-1463-4416753F8E2B}.Debug|x86.ActiveCfg = Debug|Any CPU
		{10E81DE3-696B-5059-1463-4416753F8E2B}.Debug|x86.Build.0 = Debug|Any CPU
		{10E81DE3-696B-5059-1463-4416753F8E2B}.Release|Any CPU.ActiveCfg = Release|Any CPU
		{10E81DE3-696B-5059-1463-4416753F8E2B}.Release|Any CPU.Build.0 = Release|Any CPU
		{10E81DE3-696B-5059-1463-4416753F8E2B}.Release|x64.ActiveCfg = Release|Any CPU
		{10E81DE3-696B-5059-1463-4416753F8E2B}.Release|x64.Build.0 = Release|Any CPU
		{10E81DE3-696B-5059-1463-4416753F8E2B}.Release|x86.ActiveCfg = Release|Any CPU
		{10E81DE3-696B-5059-1463-4416753F8E2B}.Release|x86.Build.0 = Release|Any CPU
		{435BB2BD-7A34-4819-9A11-53D2FF619C8D}.Debug|Any CPU.ActiveCfg = Debug|Any CPU
		{435BB2BD-7A34-4819-9A11-53D2FF619C8D}.Debug|Any CPU.Build.0 = Debug|Any CPU
		{435BB2BD-7A34-4819-9A11-53D2FF619C8D}.Debug|x64.ActiveCfg = Debug|Any CPU
		{435BB2BD-7A34-4819-9A11-53D2FF619C8D}.Debug|x64.Build.0 = Debug|Any CPU
		{435BB2BD-7A34-4819-9A11-53D2FF619C8D}.Debug|x86.ActiveCfg = Debug|Any CPU
		{435BB2BD-7A34-4819-9A11-53D2FF619C8D}.Debug|x86.Build.0 = Debug|Any CPU
		{435BB2BD-7A34-4819-9A11-53D2FF619C8D}.Release|Any CPU.ActiveCfg = Release|Any CPU
		{435BB2BD-7A34-4819-9A11-53D2FF619C8D}.Release|Any CPU.Build.0 = Release|Any CPU
		{435BB2BD-7A34-4819-9A11-53D2FF619C8D}.Release|x64.ActiveCfg = Release|Any CPU
		{435BB2BD-7A34-4819-9A11-53D2FF619C8D}.Release|x64.Build.0 = Release|Any CPU
		{435BB2BD-7A34-4819-9A11-53D2FF619C8D}.Release|x86.ActiveCfg = Release|Any CPU
		{435BB2BD-7A34-4819-9A11-53D2FF619C8D}.Release|x86.Build.0 = Release|Any CPU
	EndGlobalSection
	GlobalSection(SolutionProperties) = preSolution
		HideSolutionNode = FALSE
	EndGlobalSection
	GlobalSection(ExtensibilityGlobals) = postSolution
		SolutionGuid = {B994D578-1D5C-425B-84FF-7403D8614F81}
	EndGlobalSection
EndGlobal
